
Microsoft Visual Studio Solution File, Format Version 12.00
# Visual Studio Version 16
VisualStudioVersion = 16.0.30011.22
MinimumVisualStudioVersion = 10.0.40219.1
Project("{FAE04EC0-301F-11D3-BF4B-00C04F79EFBC}") = "Bereschi_Gabriel_Depozit", "Bereschi_Gabriel_Depozit.csproj", "{280F8CD7-B2A1-4412-845C-B78543EE66BA}"
EndProject
Global
	GlobalSection(SolutionConfigurationPlatforms) = preSolution
		Debug|Any CPU = Debug|Any CPU
		Release|Any CPU = Release|Any CPU
	EndGlobalSection
	GlobalSection(ProjectConfigurationPlatforms) = postSolution
		{280F8CD7-B2A1-4412-845C-B78543EE66BA}.Debug|Any CPU.ActiveCfg = Debug|Any CPU
		{280F8CD7-B2A1-4412-845C-B78543EE66BA}.Debug|Any CPU.Build.0 = Debug|Any CPU
		{280F8CD7-B2A1-4412-845C-B78543EE66BA}.Release|Any CPU.ActiveCfg = Release|Any CPU
		{280F8CD7-B2A1-4412-845C-B78543EE66BA}.Release|Any CPU.Build.0 = Release|Any CPU
	EndGlobalSection
	GlobalSection(SolutionProperties) = preSolution
		HideSolutionNode = FALSE
	EndGlobalSection
	GlobalSection(ExtensibilityGlobals) = postSolution
		SolutionGuid = {9DE2A7BE-32A9-4653-9312-0BC770A0A2ED}
	EndGlobalSection
EndGlobal
